
Microsoft Visual Studio Solution File, Format Version 12.00
# Visual Studio 15
VisualStudioVersion = 15.0.26124.0
MinimumVisualStudioVersion = 15.0.26124.0
Project("{FAE04EC0-301F-11D3-BF4B-00C04F79EFBC}") = "API", "API\API.csproj", "{1C1F329D-AEFE-49B6-A7F8-785D01EAFA36}"
EndProject
Project("{FAE04EC0-301F-11D3-BF4B-00C04F79EFBC}") = "Core", "Core\Core.csproj", "{6342BD5E-1CCD-4F83-A986-8B6752F17F2E}"
EndProject
Project("{FAE04EC0-301F-11D3-BF4B-00C04F79EFBC}") = "Infrastructure", "Infrastructure\Infrastructure.csproj", "{398E6144-3BF2-4B23-85E8-BE4C3CB8D09F}"
EndProject
Global
	GlobalSection(SolutionConfigurationPlatforms) = preSolution
		Debug|Any CPU = Debug|Any CPU
		Debug|x64 = Debug|x64
		Debug|x86 = Debug|x86
		Release|Any CPU = Release|Any CPU
		Release|x64 = Release|x64
		Release|x86 = Release|x86
	EndGlobalSection
	GlobalSection(SolutionProperties) = preSolution
		HideSolutionNode = FALSE
	EndGlobalSection
	GlobalSection(ProjectConfigurationPlatforms) = postSolution
		{1C1F329D-AEFE-49B6-A7F8-785D01EAFA36}.Debug|Any CPU.ActiveCfg = Debug|Any CPU
		{1C1F329D-AEFE-49B6-A7F8-785D01EAFA36}.Debug|Any CPU.Build.0 = Debug|Any CPU
		{1C1F329D-AEFE-49B6-A7F8-785D01EAFA36}.Debug|x64.ActiveCfg = Debug|Any CPU
		{1C1F329D-AEFE-49B6-A7F8-785D01EAFA36}.Debug|x64.Build.0 = Debug|Any CPU
		{1C1F329D-AEFE-49B6-A7F8-785D01EAFA36}.Debug|x86.ActiveCfg = Debug|Any CPU
		{1C1F329D-AEFE-49B6-A7F8-785D01EAFA36}.Debug|x86.Build.0 = Debug|Any CPU
		{1C1F329D-AEFE-49B6-A7F8-785D01EAFA36}.Release|Any CPU.ActiveCfg = Release|Any CPU
		{1C1F329D-AEFE-49B6-A7F8-785D01EAFA36}.Release|Any CPU.Build.0 = Release|Any CPU
		{1C1F329D-AEFE-49B6-A7F8-785D01EAFA36}.Release|x64.ActiveCfg = Release|Any CPU
		{1C1F329D-AEFE-49B6-A7F8-785D01EAFA36}.Release|x64.Build.0 = Release|Any CPU
		{1C1F329D-AEFE-49B6-A7F8-785D01EAFA36}.Release|x86.ActiveCfg = Release|Any CPU
		{1C1F329D-AEFE-49B6-A7F8-785D01EAFA36}.Release|x86.Build.0 = Release|Any CPU
		{6342BD5E-1CCD-4F83-A986-8B6752F17F2E}.Debug|Any CPU.ActiveCfg = Debug|Any CPU
		{6342BD5E-1CCD-4F83-A986-8B6752F17F2E}.Debug|Any CPU.Build.0 = Debug|Any CPU
		{6342BD5E-1CCD-4F83-A986-8B6752F17F2E}.Debug|x64.ActiveCfg = Debug|Any CPU
		{6342BD5E-1CCD-4F83-A986-8B6752F17F2E}.Debug|x64.Build.0 = Debug|Any CPU
		{6342BD5E-1CCD-4F83-A986-8B6752F17F2E}.Debug|x86.ActiveCfg = Debug|Any CPU
		{6342BD5E-1CCD-4F83-A986-8B6752F17F2E}.Debug|x86.Build.0 = Debug|Any CPU
		{6342BD5E-1CCD-4F83-A986-8B6752F17F2E}.Release|Any CPU.ActiveCfg = Release|Any CPU
		{6342BD5E-1CCD-4F83-A986-8B6752F17F2E}.Release|Any CPU.Build.0 = Release|Any CPU
		{6342BD5E-1CCD-4F83-A986-8B6752F17F2E}.Release|x64.ActiveCfg = Release|Any CPU
		{6342BD5E-1CCD-4F83-A986-8B6752F17F2E}.Release|x64.Build.0 = Release|Any CPU
		{6342BD5E-1CCD-4F83-A986-8B6752F17F2E}.Release|x86.ActiveCfg = Release|Any CPU
		{6342BD5E-1CCD-4F83-A986-8B6752F17F2E}.Release|x86.Build.0 = Release|Any CPU
		{398E6144-3BF2-4B23-85E8-BE4C3CB8D09F}.Debug|Any CPU.ActiveCfg = Debug|Any CPU
		{398E6144-3BF2-4B23-85E8-BE4C3CB8D09F}.Debug|Any CPU.Build.0 = Debug|Any CPU
		{398E6144-3BF2-4B23-85E8-BE4C3CB8D09F}.Debug|x64.ActiveCfg = Debug|Any CPU
		{398E6144-3BF2-4B23-85E8-BE4C3CB8D09F}.Debug|x64.Build.0 = Debug|Any CPU
		{398E6144-3BF2-4B23-85E8-BE4C3CB8D09F}.Debug|x86.ActiveCfg = Debug|Any CPU
		{398E6144-3BF2-4B23-85E8-BE4C3CB8D09F}.Debug|x86.Build.0 = Debug|Any CPU
		{398E6144-3BF2-4B23-85E8-BE4C3CB8D09F}.Release|Any CPU.ActiveCfg = Release|Any CPU
		{398E6144-3BF2-4B23-85E8-BE4C3CB8D09F}.Release|Any CPU.Build.0 = Release|Any CPU
		{398E6144-3BF2-4B23-85E8-BE4C3CB8D09F}.Release|x64.ActiveCfg = Release|Any CPU
		{398E6144-3BF2-4B23-85E8-BE4C3CB8D09F}.Release|x64.Build.0 = Release|Any CPU
		{398E6144-3BF2-4B23-85E8-BE4C3CB8D09F}.Release|x86.ActiveCfg = Release|Any CPU
		{398E6144-3BF2-4B23-85E8-BE4C3CB8D09F}.Release|x86.Build.0 = Release|Any CPU
	EndGlobalSection
EndGlobal
